// !$*UTF8*$!
{
	archiveVersion = 1;
	classes = {
	};
	objectVersion = 50;
	objects = {

/* Begin PBXBuildFile section */
		AEFA031821ADBE760059142D /* AppDelegate.swift in Sources */ = {isa = PBXBuildFile; fileRef = AEFA031721ADBE760059142D /* AppDelegate.swift */; };
		AEFA031A21ADBE760059142D /* ViewController.swift in Sources */ = {isa = PBXBuildFile; fileRef = AEFA031921ADBE760059142D /* ViewController.swift */; };
		AEFA031D21ADBE760059142D /* Main.storyboard in Resources */ = {isa = PBXBuildFile; fileRef = AEFA031B21ADBE760059142D /* Main.storyboard */; };
		AEFA031F21ADBE770059142D /* Assets.xcassets in Resources */ = {isa = PBXBuildFile; fileRef = AEFA031E21ADBE770059142D /* Assets.xcassets */; };
		AEFA032221ADBE770059142D /* LaunchScreen.storyboard in Resources */ = {isa = PBXBuildFile; fileRef = AEFA032021ADBE770059142D /* LaunchScreen.storyboard */; };
		AEFA033221ADBF0D0059142D /* raptors.jpg in Resources */ = {isa = PBXBuildFile; fileRef = AEFA032D21ADBF0D0059142D /* raptors.jpg */; };
		AEFA033321ADBF0D0059142D /* marlies.jpeg in Resources */ = {isa = PBXBuildFile; fileRef = AEFA032E21ADBF0D0059142D /* marlies.jpeg */; };
		AEFA033421ADBF0D0059142D /* fc.png in Resources */ = {isa = PBXBuildFile; fileRef = AEFA032F21ADBF0D0059142D /* fc.png */; };
		AEFA033521ADBF0D0059142D /* jays.jpg in Resources */ = {isa = PBXBuildFile; fileRef = AEFA033021ADBF0D0059142D /* jays.jpg */; };
		AEFA033621ADBF0D0059142D /* leafs.png in Resources */ = {isa = PBXBuildFile; fileRef = AEFA033121ADBF0D0059142D /* leafs.png */; };
		AEFA033821ADBFBA0059142D /* ChooseSiteViewController.swift in Sources */ = {isa = PBXBuildFile; fileRef = AEFA033721ADBFBA0059142D /* ChooseSiteViewController.swift */; };
		AEFA033A21ADBFE30059142D /* ViewSiteViewController.swift in Sources */ = {isa = PBXBuildFile; fileRef = AEFA033921ADBFE30059142D /* ViewSiteViewController.swift */; };
/* End PBXBuildFile section */

/* Begin PBXFileReference section */
		AEFA031421ADBE760059142D /* Week 12 Application 2 Tables.app */ = {isa = PBXFileReference; explicitFileType = wrapper.application; includeInIndex = 0; path = "Week 12 Application 2 Tables.app"; sourceTree = BUILT_PRODUCTS_DIR; };
		AEFA031721ADBE760059142D /* AppDelegate.swift */ = {isa = PBXFileReference; lastKnownFileType = sourcecode.swift; path = AppDelegate.swift; sourceTree = "<group>"; };
		AEFA031921ADBE760059142D /* ViewController.swift */ = {isa = PBXFileReference; lastKnownFileType = sourcecode.swift; path = ViewController.swift; sourceTree = "<group>"; };
		AEFA031C21ADBE760059142D /* Base */ = {isa = PBXFileReference; lastKnownFileType = file.storyboard; name = Base; path = Base.lproj/Main.storyboard; sourceTree = "<group>"; };
		AEFA031E21ADBE770059142D /* Assets.xcassets */ = {isa = PBXFileReference; lastKnownFileType = folder.assetcatalog; path = Assets.xcassets; sourceTree = "<group>"; };
		AEFA032121ADBE770059142D /* Base */ = {isa = PBXFileReference; lastKnownFileType = file.storyboard; name = Base; path = Base.lproj/LaunchScreen.storyboard; sourceTree = "<group>"; };
		AEFA032321ADBE770059142D /* Info.plist */ = {isa = PBXFileReference; lastKnownFileType = text.plist.xml; path = Info.plist; sourceTree = "<group>"; };
		AEFA032D21ADBF0D0059142D /* raptors.jpg */ = {isa = PBXFileReference; lastKnownFileType = image.jpeg; path = raptors.jpg; sourceTree = "<group>"; };
		AEFA032E21ADBF0D0059142D /* marlies.jpeg */ = {isa = PBXFileReference; lastKnownFileType = image.jpeg; path = marlies.jpeg; sourceTree = "<group>"; };
		AEFA032F21ADBF0D0059142D /* fc.png */ = {isa = PBXFileReference; lastKnownFileType = image.png; path = fc.png; sourceTree = "<group>"; };
		AEFA033021ADBF0D0059142D /* jays.jpg */ = {isa = PBXFileReference; lastKnownFileType = image.jpeg; path = jays.jpg; sourceTree = "<group>"; };
		AEFA033121ADBF0D0059142D /* leafs.png */ = {isa = PBXFileReference; lastKnownFileType = image.png; path = leafs.png; sourceTree = "<group>"; };
		AEFA033721ADBFBA0059142D /* ChooseSiteViewController.swift */ = {isa = PBXFileReference; lastKnownFileType = sourcecode.swift; path = ChooseSiteViewController.swift; sourceTree = "<group>"; };
		AEFA033921ADBFE30059142D /* ViewSiteViewController.swift */ = {isa = PBXFileReference; lastKnownFileType = sourcecode.swift; path = ViewSiteViewController.swift; sourceTree = "<group>"; };
/* End PBXFileReference section */

/* Begin PBXFrameworksBuildPhase section */
		AEFA031121ADBE760059142D /* Frameworks */ = {
			isa = PBXFrameworksBuildPhase;
			buildActionMask = 2147483647;
			files = (
			);
			runOnlyForDeploymentPostprocessing = 0;
		};
/* End PBXFrameworksBuildPhase section */

/* Begin PBXGroup section */
		AEFA030B21ADBE760059142D = {
			isa = PBXGroup;
			children = (
				AEFA031621ADBE760059142D /* Week 12 Application 2 Tables */,
				AEFA031521ADBE760059142D /* Products */,
			);
			sourceTree = "<group>";
		};
		AEFA031521ADBE760059142D /* Products */ = {
			isa = PBXGroup;
			children = (
				AEFA031421ADBE760059142D /* Week 12 Application 2 Tables.app */,
			);
			name = Products;
			sourceTree = "<group>";
		};
		AEFA031621ADBE760059142D /* Week 12 Application 2 Tables */ = {
			isa = PBXGroup;
			children = (
				AEFA032C21ADBED50059142D /* Images */,
				AEFA032B21ADBECB0059142D /* Classes */,
				AEFA032A21ADBEBD0059142D /* Storyboards */,
				AEFA032921ADBEA50059142D /* View Controllers */,
				AEFA031E21ADBE770059142D /* Assets.xcassets */,
				AEFA032321ADBE770059142D /* Info.plist */,
			);
			path = "Week 12 Application 2 Tables";
			sourceTree = "<group>";
		};
		AEFA032921ADBEA50059142D /* View Controllers */ = {
			isa = PBXGroup;
			children = (
				AEFA031921ADBE760059142D /* ViewController.swift */,
				AEFA033721ADBFBA0059142D /* ChooseSiteViewController.swift */,
				AEFA033921ADBFE30059142D /* ViewSiteViewController.swift */,
			);
			path = "View Controllers";
			sourceTree = "<group>";
		};
		AEFA032A21ADBEBD0059142D /* Storyboards */ = {
			isa = PBXGroup;
			children = (
				AEFA032021ADBE770059142D /* LaunchScreen.storyboard */,
				AEFA031B21ADBE760059142D /* Main.storyboard */,
			);
			path = Storyboards;
			sourceTree = "<group>";
		};
		AEFA032B21ADBECB0059142D /* Classes */ = {
			isa = PBXGroup;
			children = (
				AEFA031721ADBE760059142D /* AppDelegate.swift */,
			);
			path = Classes;
			sourceTree = "<group>";
		};
		AEFA032C21ADBED50059142D /* Images */ = {
			isa = PBXGroup;
			children = (
				AEFA032F21ADBF0D0059142D /* fc.png */,
				AEFA033021ADBF0D0059142D /* jays.jpg */,
				AEFA033121ADBF0D0059142D /* leafs.png */,
				AEFA032E21ADBF0D0059142D /* marlies.jpeg */,
				AEFA032D21ADBF0D0059142D /* raptors.jpg */,
			);
			path = Images;
			sourceTree = "<group>";
		};
/* End PBXGroup section */

/* Begin PBXNativeTarget section */
		AEFA031321ADBE760059142D /* Week 12 Application 2 Tables */ = {
			isa = PBXNativeTarget;
			buildConfigurationList = AEFA032621ADBE770059142D /* Build configuration list for PBXNativeTarget "Week 12 Application 2 Tables" */;
			buildPhases = (
				AEFA031021ADBE760059142D /* Sources */,
				AEFA031121ADBE760059142D /* Frameworks */,
				AEFA031221ADBE760059142D /* Resources */,
			);
			buildRules = (
			);
			dependencies = (
			);
			name = "Week 12 Application 2 Tables";
			productName = "Week 12 Application 2 Tables";
			productReference = AEFA031421ADBE760059142D /* Week 12 Application 2 Tables.app */;
			productType = "com.apple.product-type.application";
		};
/* End PBXNativeTarget section */

/* Begin PBXProject section */
		AEFA030C21ADBE760059142D /* Project object */ = {
			isa = PBXProject;
			attributes = {
				LastSwiftUpdateCheck = 0940;
				LastUpgradeCheck = 0940;
				ORGANIZATIONNAME = Sheridancollege;
				TargetAttributes = {
					AEFA031321ADBE760059142D = {
						CreatedOnToolsVersion = 9.4.1;
					};
				};
			};
			buildConfigurationList = AEFA030F21ADBE760059142D /* Build configuration list for PBXProject "Week 12 Application 2 Tables" */;
			compatibilityVersion = "Xcode 9.3";
			developmentRegion = en;
			hasScannedForEncodings = 0;
			knownRegions = (
				en,
				Base,
			);
			mainGroup = AEFA030B21ADBE760059142D;
			productRefGroup = AEFA031521ADBE760059142D /* Products */;
			projectDirPath = "";
			projectRoot = "";
			targets = (
				AEFA031321ADBE760059142D /* Week 12 Application 2 Tables */,
			);
		};
/* End PBXProject section */

/* Begin PBXResourcesBuildPhase section */
		AEFA031221ADBE760059142D /* Resources */ = {
			isa = PBXResourcesBuildPhase;
			buildActionMask = 2147483647;
			files = (
				AEFA032221ADBE770059142D /* LaunchScreen.storyboard in Resources */,
				AEFA033321ADBF0D0059142D /* marlies.jpeg in Resources */,
				AEFA033221ADBF0D0059142D /* raptors.jpg in Resources */,
				AEFA033521ADBF0D0059142D /* jays.jpg in Resources */,
				AEFA031F21ADBE770059142D /* Assets.xcassets in Resources */,
				AEFA033421ADBF0D0059142D /* fc.png in Resources */,
				AEFA031D21ADBE760059142D /* Main.storyboard in Resources */,
				AEFA033621ADBF0D0059142D /* leafs.png in Resources */,
			);
			runOnlyForDeploymentPostprocessing = 0;
		};
/* End PBXResourcesBuildPhase section */

/* Begin PBXSourcesBuildPhase section */
		AEFA031021ADBE760059142D /* Sources */ = {
			isa = PBXSourcesBuildPhase;
			buildActionMask = 2147483647;
			files = (
				AEFA031A21ADBE760059142D /* ViewController.swift in Sources */,
				AEFA033821ADBFBA0059142D /* ChooseSiteViewController.swift in Sources */,
				AEFA033A21ADBFE30059142D /* ViewSiteViewController.swift in Sources */,
				AEFA031821ADBE760059142D /* AppDelegate.swift in Sources */,
			);
			runOnlyForDeploymentPostprocessing = 0;
		};
/* End PBXSourcesBuildPhase section */

/* Begin PBXVariantGroup section */
		AEFA031B21ADBE760059142D /* Main.storyboard */ = {
			isa = PBXVariantGroup;
			children = (
				AEFA031C21ADBE760059142D /* Base */,
			);
			name = Main.storyboard;
			sourceTree = "<group>";
		};
		AEFA032021ADBE770059142D /* LaunchScreen.storyboard */ = {
			isa = PBXVariantGroup;
			children = (
				AEFA032121ADBE770059142D /* Base */,
			);
			name = LaunchScreen.storyboard;
			sourceTree = "<group>";
		};
/* End PBXVariantGroup section */

/* Begin XCBuildConfiguration section */
		AEFA032421ADBE770059142D /* Debug */ = {
			isa = XCBuildConfiguration;
			buildSettings = {
				ALWAYS_SEARCH_USER_PATHS = NO;
				CLANG_ANALYZER_NONNULL = YES;
				CLANG_ANALYZER_NUMBER_OBJECT_CONVERSION = YES_AGGRESSIVE;
				CLANG_CXX_LANGUAGE_STANDARD = "gnu++14";
				CLANG_CXX_LIBRARY = "libc++";
				CLANG_ENABLE_MODULES = YES;
				CLANG_ENABLE_OBJC_ARC = YES;
				CLANG_ENABLE_OBJC_WEAK = YES;
				CLANG_WARN_BLOCK_CAPTURE_AUTORELEASING = YES;
				CLANG_WARN_BOOL_CONVERSION = YES;
				CLANG_WARN_COMMA = YES;
				CLANG_WARN_CONSTANT_CONVERSION = YES;
				CLANG_WARN_DEPRECATED_OBJC_IMPLEMENTATIONS = YES;
				CLANG_WARN_DIRECT_OBJC_ISA_USAGE = YES_ERROR;
				CLANG_WARN_DOCUMENTATION_COMMENTS = YES;
				CLANG_WARN_EMPTY_BODY = YES;
				CLANG_WARN_ENUM_CONVERSION = YES;
				CLANG_WARN_INFINITE_RECURSION = YES;
				CLANG_WARN_INT_CONVERSION = YES;
				CLANG_WARN_NON_LITERAL_NULL_CONVERSION = YES;
				CLANG_WARN_OBJC_IMPLICIT_RETAIN_SELF = YES;
				CLANG_WARN_OBJC_LITERAL_CONVERSION = YES;
				CLANG_WARN_OBJC_ROOT_CLASS = YES_ERROR;
				CLANG_WARN_RANGE_LOOP_ANALYSIS = YES;
				CLANG_WARN_STRICT_PROTOTYPES = YES;
				CLANG_WARN_SUSPICIOUS_MOVE = YES;
				CLANG_WARN_UNGUARDED_AVAILABILITY = YES_AGGRESSIVE;
				CLANG_WARN_UNREACHABLE_CODE = YES;
				CLANG_WARN__DUPLICATE_METHOD_MATCH = YES;
				CODE_SIGN_IDENTITY = "iPhone Developer";
				COPY_PHASE_STRIP = NO;
				DEBUG_INFORMATION_FORMAT = dwarf;
				ENABLE_STRICT_OBJC_MSGSEND = YES;
				ENABLE_TESTABILITY = YES;
				GCC_C_LANGUAGE_STANDARD = gnu11;
				GCC_DYNAMIC_NO_PIC = NO;
				GCC_NO_COMMON_BLOCKS = YES;
				GCC_OPTIMIZATION_LEVEL = 0;
				GCC_PREPROCESSOR_DEFINITIONS = (
					"DEBUG=1",
					"$(inherited)",
				);
				GCC_WARN_64_TO_32_BIT_CONVERSION = YES;
				GCC_WARN_ABOUT_RETURN_TYPE = YES_ERROR;
				GCC_WARN_UNDECLARED_SELECTOR = YES;
				GCC_WARN_UNINITIALIZED_AUTOS = YES_AGGRESSIVE;
				GCC_WARN_UNUSED_FUNCTION = YES;
				GCC_WARN_UNUSED_VARIABLE = YES;
				IPHONEOS_DEPLOYMENT_TARGET = 11.4;
				MTL_ENABLE_DEBUG_INFO = YES;
				ONLY_ACTIVE_ARCH = YES;
				SDKROOT = iphoneos;
				SWIFT_ACTIVE_COMPILATION_CONDITIONS = DEBUG;
				SWIFT_OPTIMIZATION_LEVEL = "-Onone";
			};
			name = Debug;
		};
		AEFA032521ADBE770059142D /* Release */ = {
			isa = XCBuildConfiguration;
			buildSettings = {
				ALWAYS_SEARCH_USER_PATHS = NO;
				CLANG_ANALYZER_NONNULL = YES;
				CLANG_ANALYZER_NUMBER_OBJECT_CONVERSION = YES_AGGRESSIVE;
				CLANG_CXX_LANGUAGE_STANDARD = "gnu++14";
				CLANG_CXX_LIBRARY = "libc++";
				CLANG_ENABLE_MODULES = YES;
				CLANG_ENABLE_OBJC_ARC = YES;
				CLANG_ENABLE_OBJC_WEAK = YES;
				CLANG_WARN_BLOCK_CAPTURE_AUTORELEASING = YES;
				CLANG_WARN_BOOL_CONVERSION = YES;
				CLANG_WARN_COMMA = YES;
				CLANG_WARN_CONSTANT_CONVERSION = YES;
				CLANG_WARN_DEPRECATED_OBJC_IMPLEMENTATIONS = YES;
				CLANG_WARN_DIRECT_OBJC_ISA_USAGE = YES_ERROR;
				CLANG_WARN_DOCUMENTATION_COMMENTS = YES;
				CLANG_WARN_EMPTY_BODY = YES;
				CLANG_WARN_ENUM_CONVERSION = YES;
				CLANG_WARN_INFINITE_RECURSION = YES;
				CLANG_WARN_INT_CONVERSION = YES;
				CLANG_WARN_NON_LITERAL_NULL_CONVERSION = YES;
				CLANG_WARN_OBJC_IMPLICIT_RETAIN_SELF = YES;
				CLANG_WARN_OBJC_LITERAL_CONVERSION = YES;
				CLANG_WARN_OBJC_ROOT_CLASS = YES_ERROR;
				CLANG_WARN_RANGE_LOOP_ANALYSIS = YES;
				CLANG_WARN_STRICT_PROTOTYPES = YES;
				CLANG_WARN_SUSPICIOUS_MOVE = YES;
				CLANG_WARN_UNGUARDED_AVAILABILITY = YES_AGGRESSIVE;
				CLANG_WARN_UNREACHABLE_CODE = YES;
				CLANG_WARN__DUPLICATE_METHOD_MATCH = YES;
				CODE_SIGN_IDENTITY = "iPhone Developer";
				COPY_PHASE_STRIP = NO;
				DEBUG_INFORMATION_FORMAT = "dwarf-with-dsym";
				ENABLE_NS_ASSERTIONS = NO;
				ENABLE_STRICT_OBJC_MSGSEND = YES;
				GCC_C_LANGUAGE_STANDARD = gnu11;
				GCC_NO_COMMON_BLOCKS = YES;
				GCC_WARN_64_TO_32_BIT_CONVERSION = YES;
				GCC_WARN_ABOUT_RETURN_TYPE = YES_ERROR;
				GCC_WARN_UNDECLARED_SELECTOR = YES;
				GCC_WARN_UNINITIALIZED_AUTOS = YES_AGGRESSIVE;
				GCC_WARN_UNUSED_FUNCTION = YES;
				GCC_WARN_UNUSED_VARIABLE = YES;
				IPHONEOS_DEPLOYMENT_TARGET = 11.4;
				MTL_ENABLE_DEBUG_INFO = NO;
				SDKROOT = iphoneos;
				SWIFT_COMPILATION_MODE = wholemodule;
				SWIFT_OPTIMIZATION_LEVEL = "-O";
				VALIDATE_PRODUCT = YES;
			};
			name = Release;
		};
		AEFA032721ADBE770059142D /* Debug */ = {
			isa = XCBuildConfiguration;
			buildSettings = {
				ASSETCATALOG_COMPILER_APPICON_NAME = AppIcon;
				CODE_SIGN_STYLE = Automatic;
				INFOPLIST_FILE = "Week 12 Application 2 Tables/Info.plist";
				LD_RUNPATH_SEARCH_PATHS = (
					"$(inherited)",
					"@executable_path/Frameworks",
				);
				PRODUCT_BUNDLE_IDENTIFIER = "Sheridancollege.ca.Week-12-Application-2-Tables";
				PRODUCT_NAME = "$(TARGET_NAME)";
				SWIFT_VERSION = 4.0;
				TARGETED_DEVICE_FAMILY = "1,2";
			};
			name = Debug;
		};
		AEFA032821ADBE770059142D /* Release */ = {
			isa = XCBuildConfiguration;
			buildSettings = {
				ASSETCATALOG_COMPILER_APPICON_NAME = AppIcon;
				CODE_SIGN_STYLE = Automatic;
				INFOPLIST_FILE = "Week 12 Application 2 Tables/Info.plist";
				LD_RUNPATH_SEARCH_PATHS = (
					"$(inherited)",
					"@executable_path/Frameworks",
				);
				PRODUCT_BUNDLE_IDENTIFIER = "Sheridancollege.ca.Week-12-Application-2-Tables";
				PRODUCT_NAME = "$(TARGET_NAME)";
				SWIFT_VERSION = 4.0;
				TARGETED_DEVICE_FAMILY = "1,2";
			};
			name = Release;
		};
/* End XCBuildConfiguration section */

/* Begin XCConfigurationList section */
		AEFA030F21ADBE760059142D /* Build configuration list for PBXProject "Week 12 Application 2 Tables" */ = {
			isa = XCConfigurationList;
			buildConfigurations = (
				AEFA032421ADBE770059142D /* Debug */,
				AEFA032521ADBE770059142D /* Release */,
			);
			defaultConfigurationIsVisible = 0;
			defaultConfigurationName = Release;
		};
		AEFA032621ADBE770059142D /* Build configuration list for PBXNativeTarget "Week 12 Application 2 Tables" */ = {
			isa = XCConfigurationList;
			buildConfigurations = (
				AEFA032721ADBE770059142D /* Debug */,
				AEFA032821ADBE770059142D /* Release */,
			);
			defaultConfigurationIsVisible = 0;
			defaultConfigurationName = Release;
		};
/* End XCConfigurationList section */
	};
	rootObject = AEFA030C21ADBE760059142D /* Project object */;
}
